# Generated by pub
# See https://www.dartlang.org/tools/pub/glossary#lockfile
packages:
  parsers:
    dependency: "direct main"
    description:
      name: parsers
      url: "https://pub.dartlang.org"
    source: hosted
    version: "1.0.0"
  persistent:
    dependency: transitive
    description:
      name: persistent
      url: "https://pub.dartlang.org"
    source: hosted
    version: "1.0.0"
sdks:
  dart: ">=1.8.0 <=2.0.0-dev.32.0"
